
Microsoft Visual Studio Solution File, Format Version 12.00
# Visual Studio Version 17
VisualStudioVersion = 17.0.31903.59
MinimumVisualStudioVersion = 10.0.40219.1
Project("{2150E333-8FDC-42A3-9474-1A3956D46DE8}") = "src", "src", "{DACAD12C-7ADF-401E-8C60-E69855D72BE5}"
EndProject
Project("{FAE04EC0-301F-11D3-BF4B-00C04F79EFBC}") = "GBEmu.Core", "src\GBEmu.Core\GBEmu.Core.csproj", "{D992C1B6-BCC6-440C-8B35-2486E6B8AED8}"
EndProject
Project("{FAE04EC0-301F-11D3-BF4B-00C04F79EFBC}") = "GBEmu.Cli", "src\GBEmu.Cli\GBEmu.Cli.csproj", "{3E5D698C-4122-4E5C-A5BB-036CB95D2C95}"
EndProject
Project("{2150E333-8FDC-42A3-9474-1A3956D46DE8}") = "tests", "tests", "{2B2EC33D-0E28-49F4-869B-3A97ACF69557}"
EndProject
Project("{FAE04EC0-301F-11D3-BF4B-00C04F79EFBC}") = "GBEmu.Tests", "tests\GBEmu.Tests\GBEmu.Tests.csproj", "{624069F0-FF56-4864-85A6-47DA16932AB4}"
EndProject
Global
	GlobalSection(SolutionConfigurationPlatforms) = preSolution
		Debug|Any CPU = Debug|Any CPU
		Release|Any CPU = Release|Any CPU
	EndGlobalSection
	GlobalSection(SolutionProperties) = preSolution
		HideSolutionNode = FALSE
	EndGlobalSection
	GlobalSection(ProjectConfigurationPlatforms) = postSolution
		{D992C1B6-BCC6-440C-8B35-2486E6B8AED8}.Debug|Any CPU.ActiveCfg = Debug|Any CPU
		{D992C1B6-BCC6-440C-8B35-2486E6B8AED8}.Debug|Any CPU.Build.0 = Debug|Any CPU
		{D992C1B6-BCC6-440C-8B35-2486E6B8AED8}.Release|Any CPU.ActiveCfg = Release|Any CPU
		{D992C1B6-BCC6-440C-8B35-2486E6B8AED8}.Release|Any CPU.Build.0 = Release|Any CPU
		{3E5D698C-4122-4E5C-A5BB-036CB95D2C95}.Debug|Any CPU.ActiveCfg = Debug|Any CPU
		{3E5D698C-4122-4E5C-A5BB-036CB95D2C95}.Debug|Any CPU.Build.0 = Debug|Any CPU
		{3E5D698C-4122-4E5C-A5BB-036CB95D2C95}.Release|Any CPU.ActiveCfg = Release|Any CPU
		{3E5D698C-4122-4E5C-A5BB-036CB95D2C95}.Release|Any CPU.Build.0 = Release|Any CPU
		{624069F0-FF56-4864-85A6-47DA16932AB4}.Debug|Any CPU.ActiveCfg = Debug|Any CPU
		{624069F0-FF56-4864-85A6-47DA16932AB4}.Debug|Any CPU.Build.0 = Debug|Any CPU
		{624069F0-FF56-4864-85A6-47DA16932AB4}.Release|Any CPU.ActiveCfg = Release|Any CPU
		{624069F0-FF56-4864-85A6-47DA16932AB4}.Release|Any CPU.Build.0 = Release|Any CPU
	EndGlobalSection
	GlobalSection(NestedProjects) = preSolution
		{D992C1B6-BCC6-440C-8B35-2486E6B8AED8} = {DACAD12C-7ADF-401E-8C60-E69855D72BE5}
		{3E5D698C-4122-4E5C-A5BB-036CB95D2C95} = {DACAD12C-7ADF-401E-8C60-E69855D72BE5}
		{624069F0-FF56-4864-85A6-47DA16932AB4} = {2B2EC33D-0E28-49F4-869B-3A97ACF69557}
	EndGlobalSection
EndGlobal
